
Microsoft Visual Studio Solution File, Format Version 12.00
# Visual Studio 15
VisualStudioVersion = 15.0.28307.572
MinimumVisualStudioVersion = 10.0.40219.1
Project("{2150E333-8FDC-42A3-9474-1A3956D46DE8}") = "Plataforma", "Plataforma", "{4645777A-9CA3-4ED3-A29C-8C3B7FBCF362}"
EndProject
Project("{2150E333-8FDC-42A3-9474-1A3956D46DE8}") = "Containers", "Containers", "{1FC045B6-8F92-4F40-85BD-13F35581BBC7}"
EndProject
Project("{9A19103F-16F7-4668-BE54-9A1E7A4F7556}") = "IFSP.Plataforma.Api", "IFSP.Plataforma.Api\IFSP.Plataforma.Api.csproj", "{37203990-99E0-473C-B064-9FEC0B17DF6B}"
EndProject
Project("{2150E333-8FDC-42A3-9474-1A3956D46DE8}") = "Packages", "Packages", "{6B8A5F94-D466-4052-8DBD-6B8A3A33BE69}"
EndProject
Project("{9A19103F-16F7-4668-BE54-9A1E7A4F7556}") = "IFSP.Plataforma.Application", "IFSP.Plataforma.Application\IFSP.Plataforma.Application.csproj", "{8B4432E7-374B-4B7A-BE28-4121A6E14737}"
EndProject
Project("{9A19103F-16F7-4668-BE54-9A1E7A4F7556}") = "IFSP.Plataforma.Domain", "IFSP.Plataforma.Domain\IFSP.Plataforma.Domain.csproj", "{71AA116F-3B50-4BEA-8955-D5D73F6DCEE2}"
EndProject
Project("{9A19103F-16F7-4668-BE54-9A1E7A4F7556}") = "IFSP.Plataforma.Enums", "IFSP.Plataforma.Enums\IFSP.Plataforma.Enums.csproj", "{B0BC3931-BD6E-455F-8AAB-1B40087902A7}"
EndProject
Project("{9A19103F-16F7-4668-BE54-9A1E7A4F7556}") = "IFSP.Plataforma.Infra.Data", "IFSP.Plataforma.Infra.Data\IFSP.Plataforma.Infra.Data.csproj", "{2CA19F93-7BF2-49E0-B306-172D70FA93CB}"
EndProject
Project("{9A19103F-16F7-4668-BE54-9A1E7A4F7556}") = "IFSP.Plataforma.Domain.Core", "IFSP.Plataforma.Domain.Core\IFSP.Plataforma.Domain.Core.csproj", "{673E5033-A3CC-40C3-9EF9-10DED89720FD}"
EndProject
Project("{FAE04EC0-301F-11D3-BF4B-00C04F79EFBC}") = "IFSP.Plataforma.Infra.CrossCutting.IoC", "IFSP.Plataforma.Infra.CrossCutting.IoC\IFSP.Plataforma.Infra.CrossCutting.IoC.csproj", "{A13542C6-53B2-4A48-8430-E6A448F1E83E}"
EndProject
Project("{FAE04EC0-301F-11D3-BF4B-00C04F79EFBC}") = "IFSP.Plataforma.Infra.CrossCutting.Bus", "IFSP.Plataforma.Infra.CrossCutting.Bus\IFSP.Plataforma.Infra.CrossCutting.Bus.csproj", "{7865CE7D-7414-4B08-A500-3E72D391B083}"
EndProject
Global
	GlobalSection(SolutionConfigurationPlatforms) = preSolution
		Debug|Any CPU = Debug|Any CPU
		Release|Any CPU = Release|Any CPU
	EndGlobalSection
	GlobalSection(ProjectConfigurationPlatforms) = postSolution
		{37203990-99E0-473C-B064-9FEC0B17DF6B}.Debug|Any CPU.ActiveCfg = Debug|Any CPU
		{37203990-99E0-473C-B064-9FEC0B17DF6B}.Debug|Any CPU.Build.0 = Debug|Any CPU
		{37203990-99E0-473C-B064-9FEC0B17DF6B}.Release|Any CPU.ActiveCfg = Release|Any CPU
		{37203990-99E0-473C-B064-9FEC0B17DF6B}.Release|Any CPU.Build.0 = Release|Any CPU
		{8B4432E7-374B-4B7A-BE28-4121A6E14737}.Debug|Any CPU.ActiveCfg = Debug|Any CPU
		{8B4432E7-374B-4B7A-BE28-4121A6E14737}.Debug|Any CPU.Build.0 = Debug|Any CPU
		{8B4432E7-374B-4B7A-BE28-4121A6E14737}.Release|Any CPU.ActiveCfg = Release|Any CPU
		{8B4432E7-374B-4B7A-BE28-4121A6E14737}.Release|Any CPU.Build.0 = Release|Any CPU
		{71AA116F-3B50-4BEA-8955-D5D73F6DCEE2}.Debug|Any CPU.ActiveCfg = Debug|Any CPU
		{71AA116F-3B50-4BEA-8955-D5D73F6DCEE2}.Debug|Any CPU.Build.0 = Debug|Any CPU
		{71AA116F-3B50-4BEA-8955-D5D73F6DCEE2}.Release|Any CPU.ActiveCfg = Release|Any CPU
		{71AA116F-3B50-4BEA-8955-D5D73F6DCEE2}.Release|Any CPU.Build.0 = Release|Any CPU
		{B0BC3931-BD6E-455F-8AAB-1B40087902A7}.Debug|Any CPU.ActiveCfg = Debug|Any CPU
		{B0BC3931-BD6E-455F-8AAB-1B40087902A7}.Debug|Any CPU.Build.0 = Debug|Any CPU
		{B0BC3931-BD6E-455F-8AAB-1B40087902A7}.Release|Any CPU.ActiveCfg = Release|Any CPU
		{B0BC3931-BD6E-455F-8AAB-1B40087902A7}.Release|Any CPU.Build.0 = Release|Any CPU
		{2CA19F93-7BF2-49E0-B306-172D70FA93CB}.Debug|Any CPU.ActiveCfg = Debug|Any CPU
		{2CA19F93-7BF2-49E0-B306-172D70FA93CB}.Debug|Any CPU.Build.0 = Debug|Any CPU
		{2CA19F93-7BF2-49E0-B306-172D70FA93CB}.Release|Any CPU.ActiveCfg = Release|Any CPU
		{2CA19F93-7BF2-49E0-B306-172D70FA93CB}.Release|Any CPU.Build.0 = Release|Any CPU
		{673E5033-A3CC-40C3-9EF9-10DED89720FD}.Debug|Any CPU.ActiveCfg = Debug|Any CPU
		{673E5033-A3CC-40C3-9EF9-10DED89720FD}.Debug|Any CPU.Build.0 = Debug|Any CPU
		{673E5033-A3CC-40C3-9EF9-10DED89720FD}.Release|Any CPU.ActiveCfg = Release|Any CPU
		{673E5033-A3CC-40C3-9EF9-10DED89720FD}.Release|Any CPU.Build.0 = Release|Any CPU
		{A13542C6-53B2-4A48-8430-E6A448F1E83E}.Debug|Any CPU.ActiveCfg = Debug|Any CPU
		{A13542C6-53B2-4A48-8430-E6A448F1E83E}.Debug|Any CPU.Build.0 = Debug|Any CPU
		{A13542C6-53B2-4A48-8430-E6A448F1E83E}.Release|Any CPU.ActiveCfg = Release|Any CPU
		{A13542C6-53B2-4A48-8430-E6A448F1E83E}.Release|Any CPU.Build.0 = Release|Any CPU
		{7865CE7D-7414-4B08-A500-3E72D391B083}.Debug|Any CPU.ActiveCfg = Debug|Any CPU
		{7865CE7D-7414-4B08-A500-3E72D391B083}.Debug|Any CPU.Build.0 = Debug|Any CPU
		{7865CE7D-7414-4B08-A500-3E72D391B083}.Release|Any CPU.ActiveCfg = Release|Any CPU
		{7865CE7D-7414-4B08-A500-3E72D391B083}.Release|Any CPU.Build.0 = Release|Any CPU
	EndGlobalSection
	GlobalSection(SolutionProperties) = preSolution
		HideSolutionNode = FALSE
	EndGlobalSection
	GlobalSection(NestedProjects) = preSolution
		{1FC045B6-8F92-4F40-85BD-13F35581BBC7} = {4645777A-9CA3-4ED3-A29C-8C3B7FBCF362}
		{37203990-99E0-473C-B064-9FEC0B17DF6B} = {1FC045B6-8F92-4F40-85BD-13F35581BBC7}
		{6B8A5F94-D466-4052-8DBD-6B8A3A33BE69} = {4645777A-9CA3-4ED3-A29C-8C3B7FBCF362}
		{8B4432E7-374B-4B7A-BE28-4121A6E14737} = {6B8A5F94-D466-4052-8DBD-6B8A3A33BE69}
		{71AA116F-3B50-4BEA-8955-D5D73F6DCEE2} = {6B8A5F94-D466-4052-8DBD-6B8A3A33BE69}
		{B0BC3931-BD6E-455F-8AAB-1B40087902A7} = {6B8A5F94-D466-4052-8DBD-6B8A3A33BE69}
		{2CA19F93-7BF2-49E0-B306-172D70FA93CB} = {6B8A5F94-D466-4052-8DBD-6B8A3A33BE69}
		{673E5033-A3CC-40C3-9EF9-10DED89720FD} = {6B8A5F94-D466-4052-8DBD-6B8A3A33BE69}
		{A13542C6-53B2-4A48-8430-E6A448F1E83E} = {6B8A5F94-D466-4052-8DBD-6B8A3A33BE69}
		{7865CE7D-7414-4B08-A500-3E72D391B083} = {6B8A5F94-D466-4052-8DBD-6B8A3A33BE69}
	EndGlobalSection
	GlobalSection(ExtensibilityGlobals) = postSolution
		SolutionGuid = {E616F88B-BC3E-4B66-A91B-E49AB0A2F566}
	EndGlobalSection
EndGlobal
